// !$*UTF8*$!
{
	archiveVersion = 1;
	classes = {
	};
	objectVersion = 50;
	objects = {

/* Begin PBXBuildFile section */
		BC3805BB266B09970060957B /* AppDelegate.swift in Sources */ = {isa = PBXBuildFile; fileRef = BC3805BA266B09970060957B /* AppDelegate.swift */; };
		BC3805BD266B09970060957B /* SceneDelegate.swift in Sources */ = {isa = PBXBuildFile; fileRef = BC3805BC266B09970060957B /* SceneDelegate.swift */; };
		BC3805BF266B09970060957B /* ViewController.swift in Sources */ = {isa = PBXBuildFile; fileRef = BC3805BE266B09970060957B /* ViewController.swift */; };
		BC3805C2266B09970060957B /* Main.storyboard in Resources */ = {isa = PBXBuildFile; fileRef = BC3805C0266B09970060957B /* Main.storyboard */; };
		BC3805C4266B09980060957B /* Assets.xcassets in Resources */ = {isa = PBXBuildFile; fileRef = BC3805C3266B09980060957B /* Assets.xcassets */; };
		BC3805C7266B09980060957B /* LaunchScreen.storyboard in Resources */ = {isa = PBXBuildFile; fileRef = BC3805C5266B09980060957B /* LaunchScreen.storyboard */; };
		BC3805D5266B0A6E0060957B /* UIButton+ZT.swift in Sources */ = {isa = PBXBuildFile; fileRef = BC3805D4266B0A6E0060957B /* UIButton+ZT.swift */; };
/* End PBXBuildFile section */

/* Begin PBXFileReference section */
		BC3805B7266B09970060957B /* ZTImageTitleButton.app */ = {isa = PBXFileReference; explicitFileType = wrapper.application; includeInIndex = 0; path = ZTImageTitleButton.app; sourceTree = BUILT_PRODUCTS_DIR; };
		BC3805BA266B09970060957B /* AppDelegate.swift */ = {isa = PBXFileReference; lastKnownFileType = sourcecode.swift; path = AppDelegate.swift; sourceTree = "<group>"; };
		BC3805BC266B09970060957B /* SceneDelegate.swift */ = {isa = PBXFileReference; lastKnownFileType = sourcecode.swift; path = SceneDelegate.swift; sourceTree = "<group>"; };
		BC3805BE266B09970060957B /* ViewController.swift */ = {isa = PBXFileReference; lastKnownFileType = sourcecode.swift; path = ViewController.swift; sourceTree = "<group>"; };
		BC3805C1266B09970060957B /* Base */ = {isa = PBXFileReference; lastKnownFileType = file.storyboard; name = Base; path = Base.lproj/Main.storyboard; sourceTree = "<group>"; };
		BC3805C3266B09980060957B /* Assets.xcassets */ = {isa = PBXFileReference; lastKnownFileType = folder.assetcatalog; path = Assets.xcassets; sourceTree = "<group>"; };
		BC3805C6266B09980060957B /* Base */ = {isa = PBXFileReference; lastKnownFileType = file.storyboard; name = Base; path = Base.lproj/LaunchScreen.storyboard; sourceTree = "<group>"; };
		BC3805C8266B09980060957B /* Info.plist */ = {isa = PBXFileReference; lastKnownFileType = text.plist.xml; path = Info.plist; sourceTree = "<group>"; };
		BC3805D4266B0A6E0060957B /* UIButton+ZT.swift */ = {isa = PBXFileReference; fileEncoding = 4; lastKnownFileType = sourcecode.swift; path = "UIButton+ZT.swift"; sourceTree = "<group>"; };
/* End PBXFileReference section */

/* Begin PBXFrameworksBuildPhase section */
		BC3805B4266B09970060957B /* Frameworks */ = {
			isa = PBXFrameworksBuildPhase;
			buildActionMask = 2147483647;
			files = (
			);
			runOnlyForDeploymentPostprocessing = 0;
		};
/* End PBXFrameworksBuildPhase section */

/* Begin PBXGroup section */
		BC3805AE266B09970060957B = {
			isa = PBXGroup;
			children = (
				BC3805B9266B09970060957B /* ZTImageTitleButton */,
				BC3805B8266B09970060957B /* Products */,
			);
			sourceTree = "<group>";
		};
		BC3805B8266B09970060957B /* Products */ = {
			isa = PBXGroup;
			children = (
				BC3805B7266B09970060957B /* ZTImageTitleButton.app */,
			);
			name = Products;
			sourceTree = "<group>";
		};
		BC3805B9266B09970060957B /* ZTImageTitleButton */ = {
			isa = PBXGroup;
			children = (
				BC3805D3266B0A6E0060957B /* ZTImageTitleButton */,
				BC3805BA266B09970060957B /* AppDelegate.swift */,
				BC3805BC266B09970060957B /* SceneDelegate.swift */,
				BC3805BE266B09970060957B /* ViewController.swift */,
				BC3805C0266B09970060957B /* Main.storyboard */,
				BC3805C3266B09980060957B /* Assets.xcassets */,
				BC3805C5266B09980060957B /* LaunchScreen.storyboard */,
				BC3805C8266B09980060957B /* Info.plist */,
			);
			path = ZTImageTitleButton;
			sourceTree = "<group>";
		};
		BC3805D3266B0A6E0060957B /* ZTImageTitleButton */ = {
			isa = PBXGroup;
			children = (
				BC3805D4266B0A6E0060957B /* UIButton+ZT.swift */,
			);
			path = ZTImageTitleButton;
			sourceTree = "<group>";
		};
/* End PBXGroup section */

/* Begin PBXNativeTarget section */
		BC3805B6266B09970060957B /* ZTImageTitleButton */ = {
			isa = PBXNativeTarget;
			buildConfigurationList = BC3805CB266B09980060957B /* Build configuration list for PBXNativeTarget "ZTImageTitleButton" */;
			buildPhases = (
				BC3805B3266B09970060957B /* Sources */,
				BC3805B4266B09970060957B /* Frameworks */,
				BC3805B5266B09970060957B /* Resources */,
			);
			buildRules = (
			);
			dependencies = (
			);
			name = ZTImageTitleButton;
			productName = ZTImageTitleButton;
			productReference = BC3805B7266B09970060957B /* ZTImageTitleButton.app */;
			productType = "com.apple.product-type.application";
		};
/* End PBXNativeTarget section */

/* Begin PBXProject section */
		BC3805AF266B09970060957B /* Project object */ = {
			isa = PBXProject;
			attributes = {
				LastSwiftUpdateCheck = 1230;
				LastUpgradeCheck = 1230;
				TargetAttributes = {
					BC3805B6266B09970060957B = {
						CreatedOnToolsVersion = 12.3;
					};
				};
			};
			buildConfigurationList = BC3805B2266B09970060957B /* Build configuration list for PBXProject "ZTImageTitleButton" */;
			compatibilityVersion = "Xcode 9.3";
			developmentRegion = en;
			hasScannedForEncodings = 0;
			knownRegions = (
				en,
				Base,
			);
			mainGroup = BC3805AE266B09970060957B;
			productRefGroup = BC3805B8266B09970060957B /* Products */;
			projectDirPath = "";
			projectRoot = "";
			targets = (
				BC3805B6266B09970060957B /* ZTImageTitleButton */,
			);
		};
/* End PBXProject section */

/* Begin PBXResourcesBuildPhase section */
		BC3805B5266B09970060957B /* Resources */ = {
			isa = PBXResourcesBuildPhase;
			buildActionMask = 2147483647;
			files = (
				BC3805C7266B09980060957B /* LaunchScreen.storyboard in Resources */,
				BC3805C4266B09980060957B /* Assets.xcassets in Resources */,
				BC3805C2266B09970060957B /* Main.storyboard in Resources */,
			);
			runOnlyForDeploymentPostprocessing = 0;
		};
/* End PBXResourcesBuildPhase section */

/* Begin PBXSourcesBuildPhase section */
		BC3805B3266B09970060957B /* Sources */ = {
			isa = PBXSourcesBuildPhase;
			buildActionMask = 2147483647;
			files = (
				BC3805BF266B09970060957B /* ViewController.swift in Sources */,
				BC3805BB266B09970060957B /* AppDelegate.swift in Sources */,
				BC3805BD266B09970060957B /* SceneDelegate.swift in Sources */,
				BC3805D5266B0A6E0060957B /* UIButton+ZT.swift in Sources */,
			);
			runOnlyForDeploymentPostprocessing = 0;
		};
/* End PBXSourcesBuildPhase section */

/* Begin PBXVariantGroup section */
		BC3805C0266B09970060957B /* Main.storyboard */ = {
			isa = PBXVariantGroup;
			children = (
				BC3805C1266B09970060957B /* Base */,
			);
			name = Main.storyboard;
			sourceTree = "<group>";
		};
		BC3805C5266B09980060957B /* LaunchScreen.storyboard */ = {
			isa = PBXVariantGroup;
			children = (
				BC3805C6266B09980060957B /* Base */,
			);
			name = LaunchScreen.storyboard;
			sourceTree = "<group>";
		};
/* End PBXVariantGroup section */

/* Begin XCBuildConfiguration section */
		BC3805C9266B09980060957B /* Debug */ = {
			isa = XCBuildConfiguration;
			buildSettings = {
				ALWAYS_SEARCH_USER_PATHS = NO;
				CLANG_ANALYZER_NONNULL = YES;
				CLANG_ANALYZER_NUMBER_OBJECT_CONVERSION = YES_AGGRESSIVE;
				CLANG_CXX_LANGUAGE_STANDARD = "gnu++14";
				CLANG_CXX_LIBRARY = "libc++";
				CLANG_ENABLE_MODULES = YES;
				CLANG_ENABLE_OBJC_ARC = YES;
				CLANG_ENABLE_OBJC_WEAK = YES;
				CLANG_WARN_BLOCK_CAPTURE_AUTORELEASING = YES;
				CLANG_WARN_BOOL_CONVERSION = YES;
				CLANG_WARN_COMMA = YES;
				CLANG_WARN_CONSTANT_CONVERSION = YES;
				CLANG_WARN_DEPRECATED_OBJC_IMPLEMENTATIONS = YES;
				CLANG_WARN_DIRECT_OBJC_ISA_USAGE = YES_ERROR;
				CLANG_WARN_DOCUMENTATION_COMMENTS = YES;
				CLANG_WARN_EMPTY_BODY = YES;
				CLANG_WARN_ENUM_CONVERSION = YES;
				CLANG_WARN_INFINITE_RECURSION = YES;
				CLANG_WARN_INT_CONVERSION = YES;
				CLANG_WARN_NON_LITERAL_NULL_CONVERSION = YES;
				CLANG_WARN_OBJC_IMPLICIT_RETAIN_SELF = YES;
				CLANG_WARN_OBJC_LITERAL_CONVERSION = YES;
				CLANG_WARN_OBJC_ROOT_CLASS = YES_ERROR;
				CLANG_WARN_QUOTED_INCLUDE_IN_FRAMEWORK_HEADER = YES;
				CLANG_WARN_RANGE_LOOP_ANALYSIS = YES;
				CLANG_WARN_STRICT_PROTOTYPES = YES;
				CLANG_WARN_SUSPICIOUS_MOVE = YES;
				CLANG_WARN_UNGUARDED_AVAILABILITY = YES_AGGRESSIVE;
				CLANG_WARN_UNREACHABLE_CODE = YES;
				CLANG_WARN__DUPLICATE_METHOD_MATCH = YES;
				COPY_PHASE_STRIP = NO;
				DEBUG_INFORMATION_FORMAT = dwarf;
				ENABLE_STRICT_OBJC_MSGSEND = YES;
				ENABLE_TESTABILITY = YES;
				GCC_C_LANGUAGE_STANDARD = gnu11;
				GCC_DYNAMIC_NO_PIC = NO;
				GCC_NO_COMMON_BLOCKS = YES;
				GCC_OPTIMIZATION_LEVEL = 0;
				GCC_PREPROCESSOR_DEFINITIONS = (
					"DEBUG=1",
					"$(inherited)",
				);
				GCC_WARN_64_TO_32_BIT_CONVERSION = YES;
				GCC_WARN_ABOUT_RETURN_TYPE = YES_ERROR;
				GCC_WARN_UNDECLARED_SELECTOR = YES;
				GCC_WARN_UNINITIALIZED_AUTOS = YES_AGGRESSIVE;
				GCC_WARN_UNUSED_FUNCTION = YES;
				GCC_WARN_UNUSED_VARIABLE = YES;
				IPHONEOS_DEPLOYMENT_TARGET = 14.3;
				MTL_ENABLE_DEBUG_INFO = INCLUDE_SOURCE;
				MTL_FAST_MATH = YES;
				ONLY_ACTIVE_ARCH = YES;
				SDKROOT = iphoneos;
				SWIFT_ACTIVE_COMPILATION_CONDITIONS = DEBUG;
				SWIFT_OPTIMIZATION_LEVEL = "-Onone";
			};
			name = Debug;
		};
		BC3805CA266B09980060957B /* Release */ = {
			isa = XCBuildConfiguration;
			buildSettings = {
				ALWAYS_SEARCH_USER_PATHS = NO;
				CLANG_ANALYZER_NONNULL = YES;
				CLANG_ANALYZER_NUMBER_OBJECT_CONVERSION = YES_AGGRESSIVE;
				CLANG_CXX_LANGUAGE_STANDARD = "gnu++14";
				CLANG_CXX_LIBRARY = "libc++";
				CLANG_ENABLE_MODULES = YES;
				CLANG_ENABLE_OBJC_ARC = YES;
				CLANG_ENABLE_OBJC_WEAK = YES;
				CLANG_WARN_BLOCK_CAPTURE_AUTORELEASING = YES;
				CLANG_WARN_BOOL_CONVERSION = YES;
				CLANG_WARN_COMMA = YES;
				CLANG_WARN_CONSTANT_CONVERSION = YES;
				CLANG_WARN_DEPRECATED_OBJC_IMPLEMENTATIONS = YES;
				CLANG_WARN_DIRECT_OBJC_ISA_USAGE = YES_ERROR;
				CLANG_WARN_DOCUMENTATION_COMMENTS = YES;
				CLANG_WARN_EMPTY_BODY = YES;
				CLANG_WARN_ENUM_CONVERSION = YES;
				CLANG_WARN_INFINITE_RECURSION = YES;
				CLANG_WARN_INT_CONVERSION = YES;
				CLANG_WARN_NON_LITERAL_NULL_CONVERSION = YES;
				CLANG_WARN_OBJC_IMPLICIT_RETAIN_SELF = YES;
				CLANG_WARN_OBJC_LITERAL_CONVERSION = YES;
				CLANG_WARN_OBJC_ROOT_CLASS = YES_ERROR;
				CLANG_WARN_QUOTED_INCLUDE_IN_FRAMEWORK_HEADER = YES;
				CLANG_WARN_RANGE_LOOP_ANALYSIS = YES;
				CLANG_WARN_STRICT_PROTOTYPES = YES;
				CLANG_WARN_SUSPICIOUS_MOVE = YES;
				CLANG_WARN_UNGUARDED_AVAILABILITY = YES_AGGRESSIVE;
				CLANG_WARN_UNREACHABLE_CODE = YES;
				CLANG_WARN__DUPLICATE_METHOD_MATCH = YES;
				COPY_PHASE_STRIP = NO;
				DEBUG_INFORMATION_FORMAT = "dwarf-with-dsym";
				ENABLE_NS_ASSERTIONS = NO;
				ENABLE_STRICT_OBJC_MSGSEND = YES;
				GCC_C_LANGUAGE_STANDARD = gnu11;
				GCC_NO_COMMON_BLOCKS = YES;
				GCC_WARN_64_TO_32_BIT_CONVERSION = YES;
				GCC_WARN_ABOUT_RETURN_TYPE = YES_ERROR;
				GCC_WARN_UNDECLARED_SELECTOR = YES;
				GCC_WARN_UNINITIALIZED_AUTOS = YES_AGGRESSIVE;
				GCC_WARN_UNUSED_FUNCTION = YES;
				GCC_WARN_UNUSED_VARIABLE = YES;
				IPHONEOS_DEPLOYMENT_TARGET = 14.3;
				MTL_ENABLE_DEBUG_INFO = NO;
				MTL_FAST_MATH = YES;
				SDKROOT = iphoneos;
				SWIFT_COMPILATION_MODE = wholemodule;
				SWIFT_OPTIMIZATION_LEVEL = "-O";
				VALIDATE_PRODUCT = YES;
			};
			name = Release;
		};
		BC3805CC266B09980060957B /* Debug */ = {
			isa = XCBuildConfiguration;
			buildSettings = {
				ASSETCATALOG_COMPILER_APPICON_NAME = AppIcon;
				ASSETCATALOG_COMPILER_GLOBAL_ACCENT_COLOR_NAME = AccentColor;
				CODE_SIGN_STYLE = Automatic;
				DEVELOPMENT_TEAM = GC36VLZ5EF;
				INFOPLIST_FILE = ZTImageTitleButton/Info.plist;
				LD_RUNPATH_SEARCH_PATHS = (
					"$(inherited)",
					"@executable_path/Frameworks",
				);
				PRODUCT_BUNDLE_IDENTIFIER = com.szmsd.ZTImageTitleButton;
				PRODUCT_NAME = "$(TARGET_NAME)";
				SWIFT_VERSION = 5.0;
				TARGETED_DEVICE_FAMILY = 1;
			};
			name = Debug;
		};
		BC3805CD266B09980060957B /* Release */ = {
			isa = XCBuildConfiguration;
			buildSettings = {
				ASSETCATALOG_COMPILER_APPICON_NAME = AppIcon;
				ASSETCATALOG_COMPILER_GLOBAL_ACCENT_COLOR_NAME = AccentColor;
				CODE_SIGN_STYLE = Automatic;
				DEVELOPMENT_TEAM = GC36VLZ5EF;
				INFOPLIST_FILE = ZTImageTitleButton/Info.plist;
				LD_RUNPATH_SEARCH_PATHS = (
					"$(inherited)",
					"@executable_path/Frameworks",
				);
				PRODUCT_BUNDLE_IDENTIFIER = com.szmsd.ZTImageTitleButton;
				PRODUCT_NAME = "$(TARGET_NAME)";
				SWIFT_VERSION = 5.0;
				TARGETED_DEVICE_FAMILY = 1;
			};
			name = Release;
		};
/* End XCBuildConfiguration section */

/* Begin XCConfigurationList section */
		BC3805B2266B09970060957B /* Build configuration list for PBXProject "ZTImageTitleButton" */ = {
			isa = XCConfigurationList;
			buildConfigurations = (
				BC3805C9266B09980060957B /* Debug */,
				BC3805CA266B09980060957B /* Release */,
			);
			defaultConfigurationIsVisible = 0;
			defaultConfigurationName = Release;
		};
		BC3805CB266B09980060957B /* Build configuration list for PBXNativeTarget "ZTImageTitleButton" */ = {
			isa = XCConfigurationList;
			buildConfigurations = (
				BC3805CC266B09980060957B /* Debug */,
				BC3805CD266B09980060957B /* Release */,
			);
			defaultConfigurationIsVisible = 0;
			defaultConfigurationName = Release;
		};
/* End XCConfigurationList section */
	};
	rootObject = BC3805AF266B09970060957B /* Project object */;
}
